
Microsoft Visual Studio Solution File, Format Version 12.00
# Visual Studio Version 16
VisualStudioVersion = 16.0.30320.27
MinimumVisualStudioVersion = 10.0.40219.1
Project("{FAE04EC0-301F-11D3-BF4B-00C04F79EFBC}") = "SMA.PL", "SMA.PL\SMA.PL.csproj", "{FEA7F8D8-C2A1-45FD-92CB-B10A275A69A9}"
EndProject
Project("{FAE04EC0-301F-11D3-BF4B-00C04F79EFBC}") = "SMA.Entity", "SMA.Entity\SMA.Entity.csproj", "{E5F27BA4-EE9E-4A1D-8549-323AFA26B42F}"
EndProject
Project("{FAE04EC0-301F-11D3-BF4B-00C04F79EFBC}") = "SMA.Exception", "SMA.Exception\SMA.Exception.csproj", "{4E4D67F9-1CAB-4F49-8D4B-443E3C825105}"
EndProject
Project("{FAE04EC0-301F-11D3-BF4B-00C04F79EFBC}") = "SMA.DAL", "SMA.DAL\SMA.DAL.csproj", "{6F95AF43-B6EF-459F-9D70-C1225AA2695B}"
EndProject
Project("{FAE04EC0-301F-11D3-BF4B-00C04F79EFBC}") = "SMA.BL", "SMA.BL\SMA.BL.csproj", "{47F81B65-B2A3-4490-B2DC-BB029A584C6D}"
EndProject
Global
	GlobalSection(SolutionConfigurationPlatforms) = preSolution
		Debug|Any CPU = Debug|Any CPU
		Release|Any CPU = Release|Any CPU
	EndGlobalSection
	GlobalSection(ProjectConfigurationPlatforms) = postSolution
		{FEA7F8D8-C2A1-45FD-92CB-B10A275A69A9}.Debug|Any CPU.ActiveCfg = Debug|Any CPU
		{FEA7F8D8-C2A1-45FD-92CB-B10A275A69A9}.Debug|Any CPU.Build.0 = Debug|Any CPU
		{FEA7F8D8-C2A1-45FD-92CB-B10A275A69A9}.Release|Any CPU.ActiveCfg = Release|Any CPU
		{FEA7F8D8-C2A1-45FD-92CB-B10A275A69A9}.Release|Any CPU.Build.0 = Release|Any CPU
		{E5F27BA4-EE9E-4A1D-8549-323AFA26B42F}.Debug|Any CPU.ActiveCfg = Debug|Any CPU
		{E5F27BA4-EE9E-4A1D-8549-323AFA26B42F}.Debug|Any CPU.Build.0 = Debug|Any CPU
		{E5F27BA4-EE9E-4A1D-8549-323AFA26B42F}.Release|Any CPU.ActiveCfg = Release|Any CPU
		{E5F27BA4-EE9E-4A1D-8549-323AFA26B42F}.Release|Any CPU.Build.0 = Release|Any CPU
		{4E4D67F9-1CAB-4F49-8D4B-443E3C825105}.Debug|Any CPU.ActiveCfg = Debug|Any CPU
		{4E4D67F9-1CAB-4F49-8D4B-443E3C825105}.Debug|Any CPU.Build.0 = Debug|Any CPU
		{4E4D67F9-1CAB-4F49-8D4B-443E3C825105}.Release|Any CPU.ActiveCfg = Release|Any CPU
		{4E4D67F9-1CAB-4F49-8D4B-443E3C825105}.Release|Any CPU.Build.0 = Release|Any CPU
		{6F95AF43-B6EF-459F-9D70-C1225AA2695B}.Debug|Any CPU.ActiveCfg = Debug|Any CPU
		{6F95AF43-B6EF-459F-9D70-C1225AA2695B}.Debug|Any CPU.Build.0 = Debug|Any CPU
		{6F95AF43-B6EF-459F-9D70-C1225AA2695B}.Release|Any CPU.ActiveCfg = Release|Any CPU
		{6F95AF43-B6EF-459F-9D70-C1225AA2695B}.Release|Any CPU.Build.0 = Release|Any CPU
		{47F81B65-B2A3-4490-B2DC-BB029A584C6D}.Debug|Any CPU.ActiveCfg = Debug|Any CPU
		{47F81B65-B2A3-4490-B2DC-BB029A584C6D}.Debug|Any CPU.Build.0 = Debug|Any CPU
		{47F81B65-B2A3-4490-B2DC-BB029A584C6D}.Release|Any CPU.ActiveCfg = Release|Any CPU
		{47F81B65-B2A3-4490-B2DC-BB029A584C6D}.Release|Any CPU.Build.0 = Release|Any CPU
	EndGlobalSection
	GlobalSection(SolutionProperties) = preSolution
		HideSolutionNode = FALSE
	EndGlobalSection
	GlobalSection(ExtensibilityGlobals) = postSolution
		SolutionGuid = {48A672DA-7B6C-44F8-932B-E78ECB192975}
	EndGlobalSection
EndGlobal
